
Microsoft Visual Studio Solution File, Format Version 12.00
# Visual Studio Version 16
VisualStudioVersion = 16.0.31424.327
MinimumVisualStudioVersion = 10.0.40219.1
Project("{9A19103F-16F7-4668-BE54-9A1E7A4F7556}") = "TMSA", "TMSA\TMSA.csproj", "{CBE412C0-2715-4F3C-B050-92A7970B02A9}"
EndProject
Project("{FAE04EC0-301F-11D3-BF4B-00C04F79EFBC}") = "ChangeTrackerHandler", "ChangeTrackerHandler\ChangeTrackerHandler.csproj", "{F68D6A74-3969-4861-B28A-A2A129F708B9}"
EndProject
Global
	GlobalSection(SolutionConfigurationPlatforms) = preSolution
		Debug|Any CPU = Debug|Any CPU
		Release|Any CPU = Release|Any CPU
	EndGlobalSection
	GlobalSection(ProjectConfigurationPlatforms) = postSolution
		{CBE412C0-2715-4F3C-B050-92A7970B02A9}.Debug|Any CPU.ActiveCfg = Debug|Any CPU
		{CBE412C0-2715-4F3C-B050-92A7970B02A9}.Debug|Any CPU.Build.0 = Debug|Any CPU
		{CBE412C0-2715-4F3C-B050-92A7970B02A9}.Release|Any CPU.ActiveCfg = Release|Any CPU
		{CBE412C0-2715-4F3C-B050-92A7970B02A9}.Release|Any CPU.Build.0 = Release|Any CPU
		{F68D6A74-3969-4861-B28A-A2A129F708B9}.Debug|Any CPU.ActiveCfg = Debug|Any CPU
		{F68D6A74-3969-4861-B28A-A2A129F708B9}.Debug|Any CPU.Build.0 = Debug|Any CPU
		{F68D6A74-3969-4861-B28A-A2A129F708B9}.Release|Any CPU.ActiveCfg = Release|Any CPU
		{F68D6A74-3969-4861-B28A-A2A129F708B9}.Release|Any CPU.Build.0 = Release|Any CPU
	EndGlobalSection
	GlobalSection(SolutionProperties) = preSolution
		HideSolutionNode = FALSE
	EndGlobalSection
	GlobalSection(ExtensibilityGlobals) = postSolution
		SolutionGuid = {33ACD1BD-CBB7-4D66-BB9F-E6081568F1C2}
	EndGlobalSection
EndGlobal
